// !$*UTF8*$!
{
	archiveVersion = 1;
	classes = {
	};
	objectVersion = 42;
	objects = {

/* Begin PBXBuildFile section */
		3EB3AB3F079D51BB0046E3F3 /* IOServiceClient.h in Headers */ = {isa = PBXBuildFile; fileRef = F509F4D90177994001CA2136 /* IOServiceClient.h */; };
		3EB3AB40079D51BB0046E3F3 /* MIDIDriverClass.h in Headers */ = {isa = PBXBuildFile; fileRef = F509F4DD0177994001CA2136 /* MIDIDriverClass.h */; };
		3EB3AB41079D51BB0046E3F3 /* MIDIDriverDevice.h in Headers */ = {isa = PBXBuildFile; fileRef = F509F4DF0177994001CA2136 /* MIDIDriverDevice.h */; };
		3EB3AB42079D51BB0046E3F3 /* MIDIDriverUtils.h in Headers */ = {isa = PBXBuildFile; fileRef = F509F4E10177994001CA2136 /* MIDIDriverUtils.h */; };
		3EB3AB43079D51BB0046E3F3 /* USBDevice.h in Headers */ = {isa = PBXBuildFile; fileRef = F509F4E30177994001CA2136 /* USBDevice.h */; };
		3EB3AB44079D51BB0046E3F3 /* USBDeviceManager.h in Headers */ = {isa = PBXBuildFile; fileRef = F509F4E50177994001CA2136 /* USBDeviceManager.h */; };
		3EB3AB45079D51BB0046E3F3 /* USBInterfaceManager.h in Headers */ = {isa = PBXBuildFile; fileRef = F509F4E70177994001CA2136 /* USBInterfaceManager.h */; };
		3EB3AB46079D51BB0046E3F3 /* USBMIDIDevice.h in Headers */ = {isa = PBXBuildFile; fileRef = F509F4E90177994001CA2136 /* USBMIDIDevice.h */; };
		3EB3AB47079D51BB0046E3F3 /* USBMIDIDeviceManager.h in Headers */ = {isa = PBXBuildFile; fileRef = F509F4EB0177994001CA2136 /* USBMIDIDeviceManager.h */; };
		3EB3AB48079D51BB0046E3F3 /* USBMIDIDriverBase.h in Headers */ = {isa = PBXBuildFile; fileRef = F509F4ED0177994001CA2136 /* USBMIDIDriverBase.h */; };
		3EB3AB49079D51BB0046E3F3 /* USBVendorMIDIDriver.h in Headers */ = {isa = PBXBuildFile; fileRef = F509F4EF0177994001CA2136 /* USBVendorMIDIDriver.h */; };
		3EB3AB4B079D51BB0046E3F3 /* CAHostTimeBase.h in Headers */ = {isa = PBXBuildFile; fileRef = F490F211C5B03DDB00A007D0 /* CAHostTimeBase.h */; };
		3EB3AB4C079D51BB0046E3F3 /* CAMutex.h in Headers */ = {isa = PBXBuildFile; fileRef = F490F215C5B03DDB00A007D0 /* CAMutex.h */; };
		3EB3AB4F079D51BB0046E3F3 /* IOServiceClient.cpp in Sources */ = {isa = PBXBuildFile; fileRef = F509F4D80177994001CA2136 /* IOServiceClient.cpp */; };
		3EB3AB50079D51BB0046E3F3 /* MIDIDriver.cpp in Sources */ = {isa = PBXBuildFile; fileRef = F509F4DC0177994001CA2136 /* MIDIDriver.cpp */; };
		3EB3AB51079D51BB0046E3F3 /* MIDIDriverDevice.cpp in Sources */ = {isa = PBXBuildFile; fileRef = F509F4DE0177994001CA2136 /* MIDIDriverDevice.cpp */; };
		3EB3AB52079D51BB0046E3F3 /* MIDIDriverUtils.cpp in Sources */ = {isa = PBXBuildFile; fileRef = F509F4E00177994001CA2136 /* MIDIDriverUtils.cpp */; };
		3EB3AB53079D51BB0046E3F3 /* USBDevice.cpp in Sources */ = {isa = PBXBuildFile; fileRef = F509F4E20177994001CA2136 /* USBDevice.cpp */; };
		3EB3AB54079D51BB0046E3F3 /* USBDeviceManager.cpp in Sources */ = {isa = PBXBuildFile; fileRef = F509F4E40177994001CA2136 /* USBDeviceManager.cpp */; };
		3EB3AB55079D51BB0046E3F3 /* USBInterfaceManager.cpp in Sources */ = {isa = PBXBuildFile; fileRef = F509F4E60177994001CA2136 /* USBInterfaceManager.cpp */; };
		3EB3AB56079D51BB0046E3F3 /* USBMIDIDevice.cpp in Sources */ = {isa = PBXBuildFile; fileRef = F509F4E80177994001CA2136 /* USBMIDIDevice.cpp */; };
		3EB3AB57079D51BB0046E3F3 /* USBMIDIDeviceManager.cpp in Sources */ = {isa = PBXBuildFile; fileRef = F509F4EA0177994001CA2136 /* USBMIDIDeviceManager.cpp */; };
		3EB3AB58079D51BB0046E3F3 /* USBMIDIDriverBase.cpp in Sources */ = {isa = PBXBuildFile; fileRef = F509F4EC0177994001CA2136 /* USBMIDIDriverBase.cpp */; };
		3EB3AB59079D51BB0046E3F3 /* USBVendorMIDIDriver.cpp in Sources */ = {isa = PBXBuildFile; fileRef = F509F4EE0177994001CA2136 /* USBVendorMIDIDriver.cpp */; };
		3EB3AB5B079D51BB0046E3F3 /* CAHostTimeBase.cpp in Sources */ = {isa = PBXBuildFile; fileRef = F490F210C5B03DDB00A007D0 /* CAHostTimeBase.cpp */; };
		3EB3AB5C079D51BB0046E3F3 /* CAMutex.cpp in Sources */ = {isa = PBXBuildFile; fileRef = F490F214C5B03DDB00A007D0 /* CAMutex.cpp */; };
		3EB3AB5E079D51BB0046E3F3 /* CoreFoundation.framework in Frameworks */ = {isa = PBXBuildFile; fileRef = 0AA1909FFE8422F4C02AAC07 /* CoreFoundation.framework */; };
		3EB3AB60079D51BB0046E3F3 /* IOKit.framework in Frameworks */ = {isa = PBXBuildFile; fileRef = F5706D23014B0BC6015B338A /* IOKit.framework */; };
		911404C7108A245D0061F198 /* CasioUSBMIDI.cpp in Sources */ = {isa = PBXBuildFile; fileRef = 911404C4108A245D0061F198 /* CasioUSBMIDI.cpp */; };
		911404C8108A245D0061F198 /* CasioUSBMIDI.exp in Sources */ = {isa = PBXBuildFile; fileRef = 911404C5108A245D0061F198 /* CasioUSBMIDI.exp */; };
		911404C9108A245D0061F198 /* CasioUSBMIDI.h in Headers */ = {isa = PBXBuildFile; fileRef = 911404C6108A245D0061F198 /* CasioUSBMIDI.h */; };
		911404CB108A246D0061F198 /* Info-CasioUSBMIDIDriver.plist in Resources */ = {isa = PBXBuildFile; fileRef = 911404CA108A246D0061F198 /* Info-CasioUSBMIDIDriver.plist */; };
		9148FAFC110CB2D300AEF5BE /* CoreMIDI.framework in Frameworks */ = {isa = PBXBuildFile; fileRef = F55F18B701554564010C93F4 /* CoreMIDI.framework */; };
/* End PBXBuildFile section */

/* Begin PBXFileReference section */
		0AA1909FFE8422F4C02AAC07 /* CoreFoundation.framework */ = {isa = PBXFileReference; lastKnownFileType = wrapper.framework; name = CoreFoundation.framework; path = /System/Library/Frameworks/CoreFoundation.framework; sourceTree = "<absolute>"; };
		3EB3AB63079D51BB0046E3F3 /* CasioUSBMIDIDriver.plugin */ = {isa = PBXFileReference; explicitFileType = wrapper.cfbundle; includeInIndex = 0; path = CasioUSBMIDIDriver.plugin; sourceTree = BUILT_PRODUCTS_DIR; };
		911404C4108A245D0061F198 /* CasioUSBMIDI.cpp */ = {isa = PBXFileReference; fileEncoding = 4; lastKnownFileType = sourcecode.cpp.cpp; path = CasioUSBMIDI.cpp; sourceTree = "<group>"; };
		911404C5108A245D0061F198 /* CasioUSBMIDI.exp */ = {isa = PBXFileReference; fileEncoding = 4; lastKnownFileType = sourcecode.exports; path = CasioUSBMIDI.exp; sourceTree = "<group>"; };
		911404C6108A245D0061F198 /* CasioUSBMIDI.h */ = {isa = PBXFileReference; fileEncoding = 4; lastKnownFileType = sourcecode.c.h; path = CasioUSBMIDI.h; sourceTree = "<group>"; };
		911404CA108A246D0061F198 /* Info-CasioUSBMIDIDriver.plist */ = {isa = PBXFileReference; fileEncoding = 4; lastKnownFileType = text.plist.xml; path = "Info-CasioUSBMIDIDriver.plist"; sourceTree = "<group>"; };
		F490F210C5B03DDB00A007D0 /* CAHostTimeBase.cpp */ = {isa = PBXFileReference; fileEncoding = 30; lastKnownFileType = sourcecode.cpp.cpp; path = CAHostTimeBase.cpp; sourceTree = "<group>"; };
		F490F211C5B03DDB00A007D0 /* CAHostTimeBase.h */ = {isa = PBXFileReference; fileEncoding = 30; lastKnownFileType = sourcecode.c.h; path = CAHostTimeBase.h; sourceTree = "<group>"; };
		F490F214C5B03DDB00A007D0 /* CAMutex.cpp */ = {isa = PBXFileReference; fileEncoding = 30; lastKnownFileType = sourcecode.cpp.cpp; path = CAMutex.cpp; sourceTree = "<group>"; };
		F490F215C5B03DDB00A007D0 /* CAMutex.h */ = {isa = PBXFileReference; fileEncoding = 30; lastKnownFileType = sourcecode.c.h; path = CAMutex.h; sourceTree = "<group>"; };
		F509F4D70177994001CA2136 /* Architecture.txt */ = {isa = PBXFileReference; fileEncoding = 30; lastKnownFileType = text; path = Architecture.txt; sourceTree = "<group>"; };
		F509F4D80177994001CA2136 /* IOServiceClient.cpp */ = {isa = PBXFileReference; fileEncoding = 30; lastKnownFileType = sourcecode.cpp.cpp; path = IOServiceClient.cpp; sourceTree = "<group>"; };
		F509F4D90177994001CA2136 /* IOServiceClient.h */ = {isa = PBXFileReference; fileEncoding = 30; lastKnownFileType = sourcecode.c.h; path = IOServiceClient.h; sourceTree = "<group>"; };
		F509F4DA0177994001CA2136 /* MIDIBackCompatible.cpp */ = {isa = PBXFileReference; fileEncoding = 30; lastKnownFileType = sourcecode.cpp.cpp; path = MIDIBackCompatible.cpp; sourceTree = "<group>"; };
		F509F4DB0177994001CA2136 /* MIDIBackCompatible.h */ = {isa = PBXFileReference; fileEncoding = 30; lastKnownFileType = sourcecode.c.h; path = MIDIBackCompatible.h; sourceTree = "<group>"; };
		F509F4DC0177994001CA2136 /* MIDIDriver.cpp */ = {isa = PBXFileReference; fileEncoding = 30; lastKnownFileType = sourcecode.cpp.cpp; path = MIDIDriver.cpp; sourceTree = "<group>"; };
		F509F4DD0177994001CA2136 /* MIDIDriverClass.h */ = {isa = PBXFileReference; fileEncoding = 30; lastKnownFileType = sourcecode.c.h; path = MIDIDriverClass.h; sourceTree = "<group>"; };
		F509F4DE0177994001CA2136 /* MIDIDriverDevice.cpp */ = {isa = PBXFileReference; fileEncoding = 30; lastKnownFileType = sourcecode.cpp.cpp; path = MIDIDriverDevice.cpp; sourceTree = "<group>"; };
		F509F4DF0177994001CA2136 /* MIDIDriverDevice.h */ = {isa = PBXFileReference; fileEncoding = 30; lastKnownFileType = sourcecode.c.h; path = MIDIDriverDevice.h; sourceTree = "<group>"; };
		F509F4E00177994001CA2136 /* MIDIDriverUtils.cpp */ = {isa = PBXFileReference; fileEncoding = 30; lastKnownFileType = sourcecode.cpp.cpp; path = MIDIDriverUtils.cpp; sourceTree = "<group>"; };
		F509F4E10177994001CA2136 /* MIDIDriverUtils.h */ = {isa = PBXFileReference; fileEncoding = 30; lastKnownFileType = sourcecode.c.h; path = MIDIDriverUtils.h; sourceTree = "<group>"; };
		F509F4E20177994001CA2136 /* USBDevice.cpp */ = {isa = PBXFileReference; fileEncoding = 30; lastKnownFileType = sourcecode.cpp.cpp; path = USBDevice.cpp; sourceTree = "<group>"; };
		F509F4E30177994001CA2136 /* USBDevice.h */ = {isa = PBXFileReference; fileEncoding = 30; lastKnownFileType = sourcecode.c.h; path = USBDevice.h; sourceTree = "<group>"; };
		F509F4E40177994001CA2136 /* USBDeviceManager.cpp */ = {isa = PBXFileReference; fileEncoding = 30; lastKnownFileType = sourcecode.cpp.cpp; path = USBDeviceManager.cpp; sourceTree = "<group>"; };
		F509F4E50177994001CA2136 /* USBDeviceManager.h */ = {isa = PBXFileReference; fileEncoding = 30; lastKnownFileType = sourcecode.c.h; path = USBDeviceManager.h; sourceTree = "<group>"; };
		F509F4E60177994001CA2136 /* USBInterfaceManager.cpp */ = {isa = PBXFileReference; fileEncoding = 30; lastKnownFileType = sourcecode.cpp.cpp; path = USBInterfaceManager.cpp; sourceTree = "<group>"; };
		F509F4E70177994001CA2136 /* USBInterfaceManager.h */ = {isa = PBXFileReference; fileEncoding = 30; lastKnownFileType = sourcecode.c.h; path = USBInterfaceManager.h; sourceTree = "<group>"; };
		F509F4E80177994001CA2136 /* USBMIDIDevice.cpp */ = {isa = PBXFileReference; fileEncoding = 30; lastKnownFileType = sourcecode.cpp.cpp; path = USBMIDIDevice.cpp; sourceTree = "<group>"; };
		F509F4E90177994001CA2136 /* USBMIDIDevice.h */ = {isa = PBXFileReference; fileEncoding = 30; lastKnownFileType = sourcecode.c.h; path = USBMIDIDevice.h; sourceTree = "<group>"; };
		F509F4EA0177994001CA2136 /* USBMIDIDeviceManager.cpp */ = {isa = PBXFileReference; fileEncoding = 30; lastKnownFileType = sourcecode.cpp.cpp; path = USBMIDIDeviceManager.cpp; sourceTree = "<group>"; };
		F509F4EB0177994001CA2136 /* USBMIDIDeviceManager.h */ = {isa = PBXFileReference; fileEncoding = 30; lastKnownFileType = sourcecode.c.h; path = USBMIDIDeviceManager.h; sourceTree = "<group>"; };
		F509F4EC0177994001CA2136 /* USBMIDIDriverBase.cpp */ = {isa = PBXFileReference; fileEncoding = 30; lastKnownFileType = sourcecode.cpp.cpp; path = USBMIDIDriverBase.cpp; sourceTree = "<group>"; };
		F509F4ED0177994001CA2136 /* USBMIDIDriverBase.h */ = {isa = PBXFileReference; fileEncoding = 30; lastKnownFileType = sourcecode.c.h; path = USBMIDIDriverBase.h; sourceTree = "<group>"; };
		F509F4EE0177994001CA2136 /* USBVendorMIDIDriver.cpp */ = {isa = PBXFileReference; fileEncoding = 30; lastKnownFileType = sourcecode.cpp.cpp; path = USBVendorMIDIDriver.cpp; sourceTree = "<group>"; };
		F509F4EF0177994001CA2136 /* USBVendorMIDIDriver.h */ = {isa = PBXFileReference; fileEncoding = 30; lastKnownFileType = sourcecode.c.h; path = USBVendorMIDIDriver.h; sourceTree = "<group>"; };
		F55F18B701554564010C93F4 /* CoreMIDI.framework */ = {isa = PBXFileReference; lastKnownFileType = wrapper.framework; name = CoreMIDI.framework; path = /System/Library/Frameworks/CoreMIDI.framework; sourceTree = "<absolute>"; };
		F5706D23014B0BC6015B338A /* IOKit.framework */ = {isa = PBXFileReference; lastKnownFileType = wrapper.framework; name = IOKit.framework; path = /System/Library/Frameworks/IOKit.framework; sourceTree = "<absolute>"; };
/* End PBXFileReference section */

/* Begin PBXFrameworksBuildPhase section */
		3EB3AB5D079D51BB0046E3F3 /* Frameworks */ = {
			isa = PBXFrameworksBuildPhase;
			buildActionMask = 2147483647;
			files = (
				3EB3AB5E079D51BB0046E3F3 /* CoreFoundation.framework in Frameworks */,
				3EB3AB60079D51BB0046E3F3 /* IOKit.framework in Frameworks */,
				9148FAFC110CB2D300AEF5BE /* CoreMIDI.framework in Frameworks */,
			);
			runOnlyForDeploymentPostprocessing = 0;
		};
/* End PBXFrameworksBuildPhase section */

/* Begin PBXGroup section */
		089C166AFE841209C02AAC07 /* MIDIDrivers */ = {
			isa = PBXGroup;
			children = (
				F509F4D40177994001CA2136 /* CasioUSBMIDIDriver */,
				F490F11DC5B03DDB00A007D0 /* PublicUtility */,
				089C1671FE841209C02AAC07 /* External Frameworks and Libraries */,
				19C28FB6FE9D52B211CA2CBB /* Products */,
			);
			name = MIDIDrivers;
			sourceTree = "<group>";
		};
		089C1671FE841209C02AAC07 /* External Frameworks and Libraries */ = {
			isa = PBXGroup;
			children = (
				0AA1909FFE8422F4C02AAC07 /* CoreFoundation.framework */,
				F5706D23014B0BC6015B338A /* IOKit.framework */,
				F55F18B701554564010C93F4 /* CoreMIDI.framework */,
			);
			name = "External Frameworks and Libraries";
			sourceTree = "<group>";
		};
		19C28FB6FE9D52B211CA2CBB /* Products */ = {
			isa = PBXGroup;
			children = (
				3EB3AB63079D51BB0046E3F3 /* CasioUSBMIDIDriver.plugin */,
			);
			name = Products;
			sourceTree = "<group>";
		};
		F490F11DC5B03DDB00A007D0 /* PublicUtility */ = {
			isa = PBXGroup;
			children = (
				F490F210C5B03DDB00A007D0 /* CAHostTimeBase.cpp */,
				F490F211C5B03DDB00A007D0 /* CAHostTimeBase.h */,
				F490F214C5B03DDB00A007D0 /* CAMutex.cpp */,
				F490F215C5B03DDB00A007D0 /* CAMutex.h */,
			);
			name = PublicUtility;
			path = Extras/CoreAudio/PublicUtility;
			sourceTree = SYSTEM_DEVELOPER_DIR;
		};
		F509F4D40177994001CA2136 /* CasioUSBMIDIDriver */ = {
			isa = PBXGroup;
			children = (
				911404CA108A246D0061F198 /* Info-CasioUSBMIDIDriver.plist */,
				911404C4108A245D0061F198 /* CasioUSBMIDI.cpp */,
				911404C5108A245D0061F198 /* CasioUSBMIDI.exp */,
				911404C6108A245D0061F198 /* CasioUSBMIDI.h */,
				F509F4D60177994001CA2136 /* Shared */,
			);
			name = CasioUSBMIDIDriver;
			sourceTree = "<group>";
		};
		F509F4D60177994001CA2136 /* Shared */ = {
			isa = PBXGroup;
			children = (
				F509F4D70177994001CA2136 /* Architecture.txt */,
				F509F4D80177994001CA2136 /* IOServiceClient.cpp */,
				F509F4D90177994001CA2136 /* IOServiceClient.h */,
				F509F4DA0177994001CA2136 /* MIDIBackCompatible.cpp */,
				F509F4DB0177994001CA2136 /* MIDIBackCompatible.h */,
				F509F4DC0177994001CA2136 /* MIDIDriver.cpp */,
				F509F4DD0177994001CA2136 /* MIDIDriverClass.h */,
				F509F4DE0177994001CA2136 /* MIDIDriverDevice.cpp */,
				F509F4DF0177994001CA2136 /* MIDIDriverDevice.h */,
				F509F4E00177994001CA2136 /* MIDIDriverUtils.cpp */,
				F509F4E10177994001CA2136 /* MIDIDriverUtils.h */,
				F509F4E20177994001CA2136 /* USBDevice.cpp */,
				F509F4E30177994001CA2136 /* USBDevice.h */,
				F509F4E40177994001CA2136 /* USBDeviceManager.cpp */,
				F509F4E50177994001CA2136 /* USBDeviceManager.h */,
				F509F4E60177994001CA2136 /* USBInterfaceManager.cpp */,
				F509F4E70177994001CA2136 /* USBInterfaceManager.h */,
				F509F4E80177994001CA2136 /* USBMIDIDevice.cpp */,
				F509F4E90177994001CA2136 /* USBMIDIDevice.h */,
				F509F4EA0177994001CA2136 /* USBMIDIDeviceManager.cpp */,
				F509F4EB0177994001CA2136 /* USBMIDIDeviceManager.h */,
				F509F4EC0177994001CA2136 /* USBMIDIDriverBase.cpp */,
				F509F4ED0177994001CA2136 /* USBMIDIDriverBase.h */,
				F509F4EE0177994001CA2136 /* USBVendorMIDIDriver.cpp */,
				F509F4EF0177994001CA2136 /* USBVendorMIDIDriver.h */,
			);
			path = Shared;
			sourceTree = "<group>";
		};
/* End PBXGroup section */

/* Begin PBXHeadersBuildPhase section */
		3EB3AB3E079D51BB0046E3F3 /* Headers */ = {
			isa = PBXHeadersBuildPhase;
			buildActionMask = 2147483647;
			files = (
				3EB3AB3F079D51BB0046E3F3 /* IOServiceClient.h in Headers */,
				3EB3AB40079D51BB0046E3F3 /* MIDIDriverClass.h in Headers */,
				3EB3AB41079D51BB0046E3F3 /* MIDIDriverDevice.h in Headers */,
				3EB3AB42079D51BB0046E3F3 /* MIDIDriverUtils.h in Headers */,
				3EB3AB43079D51BB0046E3F3 /* USBDevice.h in Headers */,
				3EB3AB44079D51BB0046E3F3 /* USBDeviceManager.h in Headers */,
				3EB3AB45079D51BB0046E3F3 /* USBInterfaceManager.h in Headers */,
				3EB3AB46079D51BB0046E3F3 /* USBMIDIDevice.h in Headers */,
				3EB3AB47079D51BB0046E3F3 /* USBMIDIDeviceManager.h in Headers */,
				3EB3AB48079D51BB0046E3F3 /* USBMIDIDriverBase.h in Headers */,
				3EB3AB49079D51BB0046E3F3 /* USBVendorMIDIDriver.h in Headers */,
				3EB3AB4B079D51BB0046E3F3 /* CAHostTimeBase.h in Headers */,
				3EB3AB4C079D51BB0046E3F3 /* CAMutex.h in Headers */,
				911404C9108A245D0061F198 /* CasioUSBMIDI.h in Headers */,
			);
			runOnlyForDeploymentPostprocessing = 0;
		};
/* End PBXHeadersBuildPhase section */

/* Begin PBXNativeTarget section */
		3EB3AB3D079D51BB0046E3F3 /* CasioUSBMIDIDriver */ = {
			isa = PBXNativeTarget;
			buildConfigurationList = 3EAAFBD908984664003EB3A7 /* Build configuration list for PBXNativeTarget "CasioUSBMIDIDriver" */;
			buildPhases = (
				3EB3AB3E079D51BB0046E3F3 /* Headers */,
				3EB3AB4D079D51BB0046E3F3 /* Resources */,
				3EB3AB4E079D51BB0046E3F3 /* Sources */,
				3EB3AB5D079D51BB0046E3F3 /* Frameworks */,
				3EB3AB61079D51BB0046E3F3 /* Rez */,
			);
			buildRules = (
			);
			dependencies = (
			);
			name = CasioUSBMIDIDriver;
			productInstallPath = "/Library/Audio/MIDI Drivers";
			productName = RolandUSBMIDI;
			productReference = 3EB3AB63079D51BB0046E3F3 /* CasioUSBMIDIDriver.plugin */;
			productType = "com.apple.product-type.bundle";
		};
/* End PBXNativeTarget section */

/* Begin PBXProject section */
		089C1669FE841209C02AAC07 /* Project object */ = {
			isa = PBXProject;
			buildConfigurationList = 3EAAFBDC08984664003EB3A7 /* Build configuration list for PBXProject "CasioUSBMIDIDriver" */;
			compatibilityVersion = "Xcode 2.4";
			hasScannedForEncodings = 1;
			mainGroup = 089C166AFE841209C02AAC07 /* MIDIDrivers */;
			projectDirPath = "";
			projectRoot = "";
			targets = (
				3EB3AB3D079D51BB0046E3F3 /* CasioUSBMIDIDriver */,
			);
		};
/* End PBXProject section */

/* Begin PBXResourcesBuildPhase section */
		3EB3AB4D079D51BB0046E3F3 /* Resources */ = {
			isa = PBXResourcesBuildPhase;
			buildActionMask = 2147483647;
			files = (
				911404CB108A246D0061F198 /* Info-CasioUSBMIDIDriver.plist in Resources */,
			);
			runOnlyForDeploymentPostprocessing = 0;
		};
/* End PBXResourcesBuildPhase section */

/* Begin PBXRezBuildPhase section */
		3EB3AB61079D51BB0046E3F3 /* Rez */ = {
			isa = PBXRezBuildPhase;
			buildActionMask = 2147483647;
			files = (
			);
			runOnlyForDeploymentPostprocessing = 0;
		};
/* End PBXRezBuildPhase section */

/* Begin PBXSourcesBuildPhase section */
		3EB3AB4E079D51BB0046E3F3 /* Sources */ = {
			isa = PBXSourcesBuildPhase;
			buildActionMask = 2147483647;
			files = (
				3EB3AB4F079D51BB0046E3F3 /* IOServiceClient.cpp in Sources */,
				3EB3AB50079D51BB0046E3F3 /* MIDIDriver.cpp in Sources */,
				3EB3AB51079D51BB0046E3F3 /* MIDIDriverDevice.cpp in Sources */,
				3EB3AB52079D51BB0046E3F3 /* MIDIDriverUtils.cpp in Sources */,
				3EB3AB53079D51BB0046E3F3 /* USBDevice.cpp in Sources */,
				3EB3AB54079D51BB0046E3F3 /* USBDeviceManager.cpp in Sources */,
				3EB3AB55079D51BB0046E3F3 /* USBInterfaceManager.cpp in Sources */,
				3EB3AB56079D51BB0046E3F3 /* USBMIDIDevice.cpp in Sources */,
				3EB3AB57079D51BB0046E3F3 /* USBMIDIDeviceManager.cpp in Sources */,
				3EB3AB58079D51BB0046E3F3 /* USBMIDIDriverBase.cpp in Sources */,
				3EB3AB59079D51BB0046E3F3 /* USBVendorMIDIDriver.cpp in Sources */,
				3EB3AB5B079D51BB0046E3F3 /* CAHostTimeBase.cpp in Sources */,
				3EB3AB5C079D51BB0046E3F3 /* CAMutex.cpp in Sources */,
				911404C7108A245D0061F198 /* CasioUSBMIDI.cpp in Sources */,
				911404C8108A245D0061F198 /* CasioUSBMIDI.exp in Sources */,
			);
			runOnlyForDeploymentPostprocessing = 0;
		};
/* End PBXSourcesBuildPhase section */

/* Begin XCBuildConfiguration section */
		3EAAFBDA08984664003EB3A7 /* Development */ = {
			isa = XCBuildConfiguration;
			buildSettings = {
				CURRENT_PROJECT_VERSION = 2;
				DEBUGGING_SYMBOLS = YES;
				EXPORTED_SYMBOLS_FILE = CasioUSBMIDI.exp;
				GCC_OPTIMIZATION_LEVEL = 0;
				INFOPLIST_FILE = "Info-CasioUSBMIDIDriver.plist";
				INSTALL_PATH = "/Library/Audio/MIDI Drivers";
				OTHER_CFLAGS = "-DDEBUG";
				PRODUCT_NAME = CasioUSBMIDIDriver;
				VERSIONING_SYSTEM = "apple-generic";
				WARNING_CFLAGS = (
					"-Wmost",
					"-Wno-four-char-constants",
					"-Wno-unknown-pragmas",
				);
				WRAPPER_EXTENSION = plugin;
			};
			name = Development;
		};
		3EAAFBDB08984664003EB3A7 /* Deployment */ = {
			isa = XCBuildConfiguration;
			buildSettings = {
				CURRENT_PROJECT_VERSION = 2;
				EXPORTED_SYMBOLS_FILE = CasioUSBMIDI.exp;
				GCC_OPTIMIZATION_LEVEL = 3;
				INFOPLIST_FILE = "Info-CasioUSBMIDIDriver.plist";
				INSTALL_PATH = "/Library/Audio/MIDI Drivers";
				OTHER_CFLAGS = "";
				PRODUCT_NAME = CasioUSBMIDIDriver;
				VALID_ARCHS = "universal i386 x86_64";
				VERSIONING_SYSTEM = "apple-generic";
				WARNING_CFLAGS = (
					"-Wmost",
					"-Wno-four-char-constants",
					"-Wno-unknown-pragmas",
				);
				WRAPPER_EXTENSION = plugin;
			};
			name = Deployment;
		};
		3EAAFBDD08984664003EB3A7 /* Development */ = {
			isa = XCBuildConfiguration;
			buildSettings = {
				ARCHS = "$(ARCHS_STANDARD_32_64_BIT_PRE_XCODE_3_1)";
				ARCHS_STANDARD_32_64_BIT_PRE_XCODE_3_1 = "x86_64 i386 ppc";
				MACOSX_DEPLOYMENT_TARGET = 10.6;
				SDKROOT = "$(DEVELOPER_SDK_DIR)/MacOSX10.6.sdk";
				VALID_ARCHS = "i386 x86_64";
			};
			name = Development;
		};
		3EAAFBDE08984664003EB3A7 /* Deployment */ = {
			isa = XCBuildConfiguration;
			buildSettings = {
				ARCHS = "$(ARCHS_STANDARD_32_64_BIT_PRE_XCODE_3_1)";
				ARCHS_STANDARD_32_64_BIT_PRE_XCODE_3_1 = "x86_64 i386 ppc";
				MACOSX_DEPLOYMENT_TARGET = 10.6;
				SDKROOT = "$(DEVELOPER_SDK_DIR)/MacOSX10.6.sdk";
				VALID_ARCHS = "universal i386 x86_64";
			};
			name = Deployment;
		};
/* End XCBuildConfiguration section */

/* Begin XCConfigurationList section */
		3EAAFBD908984664003EB3A7 /* Build configuration list for PBXNativeTarget "CasioUSBMIDIDriver" */ = {
			isa = XCConfigurationList;
			buildConfigurations = (
				3EAAFBDA08984664003EB3A7 /* Development */,
				3EAAFBDB08984664003EB3A7 /* Deployment */,
			);
			defaultConfigurationIsVisible = 0;
			defaultConfigurationName = Development;
		};
		3EAAFBDC08984664003EB3A7 /* Build configuration list for PBXProject "CasioUSBMIDIDriver" */ = {
			isa = XCConfigurationList;
			buildConfigurations = (
				3EAAFBDD08984664003EB3A7 /* Development */,
				3EAAFBDE08984664003EB3A7 /* Deployment */,
			);
			defaultConfigurationIsVisible = 0;
			defaultConfigurationName = Development;
		};
/* End XCConfigurationList section */
	};
	rootObject = 089C1669FE841209C02AAC07 /* Project object */;
}
